
Microsoft Visual Studio Solution File, Format Version 12.00
# Visual Studio 15
VisualStudioVersion = 15.0.28307.136
MinimumVisualStudioVersion = 10.0.40219.1
Project("{FAE04EC0-301F-11D3-BF4B-00C04F79EFBC}") = "CGI.Entity", "CGI.Entity\CGI.Entity.csproj", "{D82013AF-4DA1-41C6-A72F-BC1EED348BBF}"
EndProject
Global
	GlobalSection(SolutionConfigurationPlatforms) = preSolution
		Debug|Any CPU = Debug|Any CPU
		Release|Any CPU = Release|Any CPU
	EndGlobalSection
	GlobalSection(ProjectConfigurationPlatforms) = postSolution
		{D82013AF-4DA1-41C6-A72F-BC1EED348BBF}.Debug|Any CPU.ActiveCfg = Debug|Any CPU
		{D82013AF-4DA1-41C6-A72F-BC1EED348BBF}.Debug|Any CPU.Build.0 = Debug|Any CPU
		{D82013AF-4DA1-41C6-A72F-BC1EED348BBF}.Release|Any CPU.ActiveCfg = Release|Any CPU
		{D82013AF-4DA1-41C6-A72F-BC1EED348BBF}.Release|Any CPU.Build.0 = Release|Any CPU
	EndGlobalSection
	GlobalSection(SolutionProperties) = preSolution
		HideSolutionNode = FALSE
	EndGlobalSection
	GlobalSection(ExtensibilityGlobals) = postSolution
		SolutionGuid = {A0E9C5C2-7617-4424-A2EA-F8600200F670}
	EndGlobalSection
EndGlobal
